
Microsoft Visual Studio Solution File, Format Version 12.00
# Visual Studio Version 16
VisualStudioVersion = 16.0.30104.148
MinimumVisualStudioVersion = 10.0.40219.1
Project("{FAE04EC0-301F-11D3-BF4B-00C04F79EFBC}") = "NileCat", "NileCat\NileCat.csproj", "{910D5FD3-72C1-4FA6-81EA-1174A55304EE}"
EndProject
Global
	GlobalSection(SolutionConfigurationPlatforms) = preSolution
		Debug|Any CPU = Debug|Any CPU
		Release|Any CPU = Release|Any CPU
	EndGlobalSection
	GlobalSection(ProjectConfigurationPlatforms) = postSolution
		{910D5FD3-72C1-4FA6-81EA-1174A55304EE}.Debug|Any CPU.ActiveCfg = Debug|Any CPU
		{910D5FD3-72C1-4FA6-81EA-1174A55304EE}.Debug|Any CPU.Build.0 = Debug|Any CPU
		{910D5FD3-72C1-4FA6-81EA-1174A55304EE}.Release|Any CPU.ActiveCfg = Release|Any CPU
		{910D5FD3-72C1-4FA6-81EA-1174A55304EE}.Release|Any CPU.Build.0 = Release|Any CPU
	EndGlobalSection
	GlobalSection(SolutionProperties) = preSolution
		HideSolutionNode = FALSE
	EndGlobalSection
	GlobalSection(ExtensibilityGlobals) = postSolution
		SolutionGuid = {BB1EED62-1342-4DBD-BA38-85154574D217}
	EndGlobalSection
EndGlobal
